dependencies:
- name: postgresql-ha
  repository: https://charts.bitnami.com/bitnami
  version: 11.8.1
- name: ipfs
  repository: https://charts.truecharts.org/
  version: 7.0.3
- name: graphprotocol-node
  repository: file://../graphprotocol-node
  version: 0.1.0
- name: graphprotocol-node
  repository: file://../graphprotocol-node
  version: 0.1.0
digest: sha256:21db6c4d4f4420fb749c9907e756c10b289b3fe02717effee6e06c7fb906871a
generated: "2023-09-02T17:05:38.80305-06:00"
